
Microsoft Visual Studio Solution File, Format Version 12.00
# Visual Studio Version 16
VisualStudioVersion = 16.0.31402.337
MinimumVisualStudioVersion = 10.0.40219.1
Project("{FAE04EC0-301F-11D3-BF4B-00C04F79EFBC}") = "WPFMitsuControls", "WPFMitsuControls\WPFMitsuControls.csproj", "{DBC99C0E-F918-4E3B-B154-C03E212D8ACA}"
EndProject
Project("{FAE04EC0-301F-11D3-BF4B-00C04F79EFBC}") = "BookDemoApp", "BookDemoApp\BookDemoApp.csproj", "{747C6317-54A2-44AF-A0CF-DC385204B540}"
EndProject
Global
	GlobalSection(SolutionConfigurationPlatforms) = preSolution
		Debug|Any CPU = Debug|Any CPU
		Release|Any CPU = Release|Any CPU
	EndGlobalSection
	GlobalSection(ProjectConfigurationPlatforms) = postSolution
		{DBC99C0E-F918-4E3B-B154-C03E212D8ACA}.Debug|Any CPU.ActiveCfg = Debug|Any CPU
		{DBC99C0E-F918-4E3B-B154-C03E212D8ACA}.Debug|Any CPU.Build.0 = Debug|Any CPU
		{DBC99C0E-F918-4E3B-B154-C03E212D8ACA}.Release|Any CPU.ActiveCfg = Release|Any CPU
		{DBC99C0E-F918-4E3B-B154-C03E212D8ACA}.Release|Any CPU.Build.0 = Release|Any CPU
		{747C6317-54A2-44AF-A0CF-DC385204B540}.Debug|Any CPU.ActiveCfg = Debug|Any CPU
		{747C6317-54A2-44AF-A0CF-DC385204B540}.Debug|Any CPU.Build.0 = Debug|Any CPU
		{747C6317-54A2-44AF-A0CF-DC385204B540}.Release|Any CPU.ActiveCfg = Release|Any CPU
		{747C6317-54A2-44AF-A0CF-DC385204B540}.Release|Any CPU.Build.0 = Release|Any CPU
	EndGlobalSection
	GlobalSection(SolutionProperties) = preSolution
		HideSolutionNode = FALSE
	EndGlobalSection
	GlobalSection(ExtensibilityGlobals) = postSolution
		SolutionGuid = {959BBE63-C2D7-4A91-A1B1-9E7F767CCD9A}
	EndGlobalSection
EndGlobal
